// !$*UTF8*$!
{
	archiveVersion = 1;
	classes = {
	};
	objectVersion = 56;
	objects = {

/* Begin PBXBuildFile section */
		7D87078C2AD1AF07008AB223 /* FutureImmediateExecution.swift in Sources */ = {isa = PBXBuildFile; fileRef = 7D87078B2AD1AF07008AB223 /* FutureImmediateExecution.swift */; };
		7D87078E2AD1B1D4008AB223 /* FutureRunOnlyOnceView.swift in Sources */ = {isa = PBXBuildFile; fileRef = 7D87078D2AD1B1D4008AB223 /* FutureRunOnlyOnceView.swift */; };
		7D8707902AD1BF81008AB223 /* FutureRunMultipleTimesView.swift in Sources */ = {isa = PBXBuildFile; fileRef = 7D87078F2AD1BF81008AB223 /* FutureRunMultipleTimesView.swift */; };
		7D8707932AD1C841008AB223 /* JustIntroductionView.swift in Sources */ = {isa = PBXBuildFile; fileRef = 7D8707922AD1C841008AB223 /* JustIntroductionView.swift */; };
		7D8707962AD1D022008AB223 /* PassthroughSubjectIntro.swift in Sources */ = {isa = PBXBuildFile; fileRef = 7D8707952AD1D022008AB223 /* PassthroughSubjectIntro.swift */; };
		7D8707992AD1D5C5008AB223 /* SequenceIntro.swift in Sources */ = {isa = PBXBuildFile; fileRef = 7D8707982AD1D5C5008AB223 /* SequenceIntro.swift */; };
		7D87079B2AD1DA1E008AB223 /* SequenceWithString.swift in Sources */ = {isa = PBXBuildFile; fileRef = 7D87079A2AD1DA1E008AB223 /* SequenceWithString.swift */; };
		7DC2531F2AB62A6300D605B5 /* CombineConceptsApp.swift in Sources */ = {isa = PBXBuildFile; fileRef = 7DC2531E2AB62A6300D605B5 /* CombineConceptsApp.swift */; };
		7DC253212AB62A6300D605B5 /* ContentView.swift in Sources */ = {isa = PBXBuildFile; fileRef = 7DC253202AB62A6300D605B5 /* ContentView.swift */; };
		7DC253232AB62A6400D605B5 /* Assets.xcassets in Resources */ = {isa = PBXBuildFile; fileRef = 7DC253222AB62A6400D605B5 /* Assets.xcassets */; };
		7DC253262AB62A6400D605B5 /* Preview Assets.xcassets in Resources */ = {isa = PBXBuildFile; fileRef = 7DC253252AB62A6400D605B5 /* Preview Assets.xcassets */; };
		7DC2532D2AB62A7500D605B5 /* HeaderView.swift in Sources */ = {isa = PBXBuildFile; fileRef = 7DC2532C2AB62A7500D605B5 /* HeaderView.swift */; };
		7DC2532F2AB62C5C00D605B5 /* DescView.swift in Sources */ = {isa = PBXBuildFile; fileRef = 7DC2532E2AB62C5C00D605B5 /* DescView.swift */; };
		7DC253372AB6479D00D605B5 /* PublishedIntro.swift in Sources */ = {isa = PBXBuildFile; fileRef = 7DC253362AB6479D00D605B5 /* PublishedIntro.swift */; };
		7DC253392AB6494600D605B5 /* PublishedViewModel.swift in Sources */ = {isa = PBXBuildFile; fileRef = 7DC253382AB6494600D605B5 /* PublishedViewModel.swift */; };
		7DC2533B2AB6495F00D605B5 /* PublishedReadWrite.swift in Sources */ = {isa = PBXBuildFile; fileRef = 7DC2533A2AB6495F00D605B5 /* PublishedReadWrite.swift */; };
		7DC2533D2AB64B1A00D605B5 /* PublishedValidation.swift in Sources */ = {isa = PBXBuildFile; fileRef = 7DC2533C2AB64B1A00D605B5 /* PublishedValidation.swift */; };
		7DC2533F2AB6601E00D605B5 /* PublishedValidationWithViewModel.swift in Sources */ = {isa = PBXBuildFile; fileRef = 7DC2533E2AB6601E00D605B5 /* PublishedValidationWithViewModel.swift */; };
		7DC253412AB662BC00D605B5 /* PipelineUsingSink.swift in Sources */ = {isa = PBXBuildFile; fileRef = 7DC253402AB662BC00D605B5 /* PipelineUsingSink.swift */; };
		7DC253432AB6653400D605B5 /* LongRunningProcess.swift in Sources */ = {isa = PBXBuildFile; fileRef = 7DC253422AB6653400D605B5 /* LongRunningProcess.swift */; };
		7DC253452AB66BAD00D605B5 /* CancelAllPipelines.swift in Sources */ = {isa = PBXBuildFile; fileRef = 7DC253442AB66BAD00D605B5 /* CancelAllPipelines.swift */; };
		7DC253482AB6722F00D605B5 /* CurrentValueSubjectIntro.swift in Sources */ = {isa = PBXBuildFile; fileRef = 7DC253472AB6722F00D605B5 /* CurrentValueSubjectIntro.swift */; };
		7DC2534B2AB6795500D605B5 /* EmptyIntro.swift in Sources */ = {isa = PBXBuildFile; fileRef = 7DC2534A2AB6795500D605B5 /* EmptyIntro.swift */; };
		7DC2534D2AB6882500D605B5 /* Error.swift in Sources */ = {isa = PBXBuildFile; fileRef = 7DC2534C2AB6882500D605B5 /* Error.swift */; };
		7DC253502AB688CD00D605B5 /* FailIntro.swift in Sources */ = {isa = PBXBuildFile; fileRef = 7DC2534F2AB688CD00D605B5 /* FailIntro.swift */; };
		7DE9C4452AB69804006E743B /* FutureIntro.swift in Sources */ = {isa = PBXBuildFile; fileRef = 7DE9C4442AB69804006E743B /* FutureIntro.swift */; };
/* End PBXBuildFile section */

/* Begin PBXFileReference section */
		7D87078B2AD1AF07008AB223 /* FutureImmediateExecution.swift */ = {isa = PBXFileReference; lastKnownFileType = sourcecode.swift; path = FutureImmediateExecution.swift; sourceTree = "<group>"; };
		7D87078D2AD1B1D4008AB223 /* FutureRunOnlyOnceView.swift */ = {isa = PBXFileReference; lastKnownFileType = sourcecode.swift; path = FutureRunOnlyOnceView.swift; sourceTree = "<group>"; };
		7D87078F2AD1BF81008AB223 /* FutureRunMultipleTimesView.swift */ = {isa = PBXFileReference; lastKnownFileType = sourcecode.swift; path = FutureRunMultipleTimesView.swift; sourceTree = "<group>"; };
		7D8707922AD1C841008AB223 /* JustIntroductionView.swift */ = {isa = PBXFileReference; lastKnownFileType = sourcecode.swift; path = JustIntroductionView.swift; sourceTree = "<group>"; };
		7D8707952AD1D022008AB223 /* PassthroughSubjectIntro.swift */ = {isa = PBXFileReference; lastKnownFileType = sourcecode.swift; path = PassthroughSubjectIntro.swift; sourceTree = "<group>"; };
		7D8707982AD1D5C5008AB223 /* SequenceIntro.swift */ = {isa = PBXFileReference; lastKnownFileType = sourcecode.swift; path = SequenceIntro.swift; sourceTree = "<group>"; };
		7D87079A2AD1DA1E008AB223 /* SequenceWithString.swift */ = {isa = PBXFileReference; lastKnownFileType = sourcecode.swift; path = SequenceWithString.swift; sourceTree = "<group>"; };
		7DC2531B2AB62A6300D605B5 /* CombineConcepts.app */ = {isa = PBXFileReference; explicitFileType = wrapper.application; includeInIndex = 0; path = CombineConcepts.app; sourceTree = BUILT_PRODUCTS_DIR; };
		7DC2531E2AB62A6300D605B5 /* CombineConceptsApp.swift */ = {isa = PBXFileReference; lastKnownFileType = sourcecode.swift; path = CombineConceptsApp.swift; sourceTree = "<group>"; };
		7DC253202AB62A6300D605B5 /* ContentView.swift */ = {isa = PBXFileReference; lastKnownFileType = sourcecode.swift; path = ContentView.swift; sourceTree = "<group>"; };
		7DC253222AB62A6400D605B5 /* Assets.xcassets */ = {isa = PBXFileReference; lastKnownFileType = folder.assetcatalog; path = Assets.xcassets; sourceTree = "<group>"; };
		7DC253252AB62A6400D605B5 /* Preview Assets.xcassets */ = {isa = PBXFileReference; lastKnownFileType = folder.assetcatalog; path = "Preview Assets.xcassets"; sourceTree = "<group>"; };
		7DC2532C2AB62A7500D605B5 /* HeaderView.swift */ = {isa = PBXFileReference; lastKnownFileType = sourcecode.swift; path = HeaderView.swift; sourceTree = "<group>"; };
		7DC2532E2AB62C5C00D605B5 /* DescView.swift */ = {isa = PBXFileReference; lastKnownFileType = sourcecode.swift; path = DescView.swift; sourceTree = "<group>"; };
		7DC253362AB6479D00D605B5 /* PublishedIntro.swift */ = {isa = PBXFileReference; lastKnownFileType = sourcecode.swift; path = PublishedIntro.swift; sourceTree = "<group>"; };
		7DC253382AB6494600D605B5 /* PublishedViewModel.swift */ = {isa = PBXFileReference; lastKnownFileType = sourcecode.swift; path = PublishedViewModel.swift; sourceTree = "<group>"; };
		7DC2533A2AB6495F00D605B5 /* PublishedReadWrite.swift */ = {isa = PBXFileReference; lastKnownFileType = sourcecode.swift; path = PublishedReadWrite.swift; sourceTree = "<group>"; };
		7DC2533C2AB64B1A00D605B5 /* PublishedValidation.swift */ = {isa = PBXFileReference; lastKnownFileType = sourcecode.swift; path = PublishedValidation.swift; sourceTree = "<group>"; };
		7DC2533E2AB6601E00D605B5 /* PublishedValidationWithViewModel.swift */ = {isa = PBXFileReference; lastKnownFileType = sourcecode.swift; path = PublishedValidationWithViewModel.swift; sourceTree = "<group>"; };
		7DC253402AB662BC00D605B5 /* PipelineUsingSink.swift */ = {isa = PBXFileReference; lastKnownFileType = sourcecode.swift; path = PipelineUsingSink.swift; sourceTree = "<group>"; };
		7DC253422AB6653400D605B5 /* LongRunningProcess.swift */ = {isa = PBXFileReference; lastKnownFileType = sourcecode.swift; path = LongRunningProcess.swift; sourceTree = "<group>"; };
		7DC253442AB66BAD00D605B5 /* CancelAllPipelines.swift */ = {isa = PBXFileReference; lastKnownFileType = sourcecode.swift; path = CancelAllPipelines.swift; sourceTree = "<group>"; };
		7DC253472AB6722F00D605B5 /* CurrentValueSubjectIntro.swift */ = {isa = PBXFileReference; lastKnownFileType = sourcecode.swift; path = CurrentValueSubjectIntro.swift; sourceTree = "<group>"; };
		7DC2534A2AB6795500D605B5 /* EmptyIntro.swift */ = {isa = PBXFileReference; lastKnownFileType = sourcecode.swift; path = EmptyIntro.swift; sourceTree = "<group>"; };
		7DC2534C2AB6882500D605B5 /* Error.swift */ = {isa = PBXFileReference; lastKnownFileType = sourcecode.swift; path = Error.swift; sourceTree = "<group>"; };
		7DC2534F2AB688CD00D605B5 /* FailIntro.swift */ = {isa = PBXFileReference; lastKnownFileType = sourcecode.swift; path = FailIntro.swift; sourceTree = "<group>"; };
		7DE9C4442AB69804006E743B /* FutureIntro.swift */ = {isa = PBXFileReference; lastKnownFileType = sourcecode.swift; path = FutureIntro.swift; sourceTree = "<group>"; };
/* End PBXFileReference section */

/* Begin PBXFrameworksBuildPhase section */
		7DC253182AB62A6300D605B5 /* Frameworks */ = {
			isa = PBXFrameworksBuildPhase;
			buildActionMask = 2147483647;
			files = (
			);
			runOnlyForDeploymentPostprocessing = 0;
		};
/* End PBXFrameworksBuildPhase section */

/* Begin PBXGroup section */
		7D8707912AD1C835008AB223 /* Just */ = {
			isa = PBXGroup;
			children = (
				7D8707922AD1C841008AB223 /* JustIntroductionView.swift */,
			);
			path = Just;
			sourceTree = "<group>";
		};
		7D8707942AD1D001008AB223 /* PassthroughSubject */ = {
			isa = PBXGroup;
			children = (
				7D8707952AD1D022008AB223 /* PassthroughSubjectIntro.swift */,
			);
			path = PassthroughSubject;
			sourceTree = "<group>";
		};
		7D8707972AD1D5B3008AB223 /* Squence */ = {
			isa = PBXGroup;
			children = (
				7D8707982AD1D5C5008AB223 /* SequenceIntro.swift */,
				7D87079A2AD1DA1E008AB223 /* SequenceWithString.swift */,
			);
			path = Squence;
			sourceTree = "<group>";
		};
		7DC253122AB62A6300D605B5 = {
			isa = PBXGroup;
			children = (
				7DC2531D2AB62A6300D605B5 /* CombineConcepts */,
				7DC2531C2AB62A6300D605B5 /* Products */,
			);
			sourceTree = "<group>";
		};
		7DC2531C2AB62A6300D605B5 /* Products */ = {
			isa = PBXGroup;
			children = (
				7DC2531B2AB62A6300D605B5 /* CombineConcepts.app */,
			);
			name = Products;
			sourceTree = "<group>";
		};
		7DC2531D2AB62A6300D605B5 /* CombineConcepts */ = {
			isa = PBXGroup;
			children = (
				7DC2531E2AB62A6300D605B5 /* CombineConceptsApp.swift */,
				7DC253202AB62A6300D605B5 /* ContentView.swift */,
				7DC253352AB6478200D605B5 /* Published */,
				7DC253462AB6720800D605B5 /* CurrentValueSubject */,
				7DC253492AB6793E00D605B5 /* Empty */,
				7DC253302AB6310000D605B5 /* HelperView */,
				7DC2534E2AB688B600D605B5 /* Fail */,
				7DE9C4432AB697FA006E743B /* Future */,
				7D8707912AD1C835008AB223 /* Just */,
				7D8707942AD1D001008AB223 /* PassthroughSubject */,
				7D8707972AD1D5B3008AB223 /* Squence */,
				7DC2534C2AB6882500D605B5 /* Error.swift */,
				7DC253222AB62A6400D605B5 /* Assets.xcassets */,
				7DC253242AB62A6400D605B5 /* Preview Content */,
			);
			path = CombineConcepts;
			sourceTree = "<group>";
		};
		7DC253242AB62A6400D605B5 /* Preview Content */ = {
			isa = PBXGroup;
			children = (
				7DC253252AB62A6400D605B5 /* Preview Assets.xcassets */,
			);
			path = "Preview Content";
			sourceTree = "<group>";
		};
		7DC253302AB6310000D605B5 /* HelperView */ = {
			isa = PBXGroup;
			children = (
				7DC2532C2AB62A7500D605B5 /* HeaderView.swift */,
				7DC2532E2AB62C5C00D605B5 /* DescView.swift */,
			);
			path = HelperView;
			sourceTree = "<group>";
		};
		7DC253352AB6478200D605B5 /* Published */ = {
			isa = PBXGroup;
			children = (
				7DC253362AB6479D00D605B5 /* PublishedIntro.swift */,
				7DC253382AB6494600D605B5 /* PublishedViewModel.swift */,
				7DC2533A2AB6495F00D605B5 /* PublishedReadWrite.swift */,
				7DC2533C2AB64B1A00D605B5 /* PublishedValidation.swift */,
				7DC2533E2AB6601E00D605B5 /* PublishedValidationWithViewModel.swift */,
				7DC253402AB662BC00D605B5 /* PipelineUsingSink.swift */,
				7DC253422AB6653400D605B5 /* LongRunningProcess.swift */,
				7DC253442AB66BAD00D605B5 /* CancelAllPipelines.swift */,
			);
			path = Published;
			sourceTree = "<group>";
		};
		7DC253462AB6720800D605B5 /* CurrentValueSubject */ = {
			isa = PBXGroup;
			children = (
				7DC253472AB6722F00D605B5 /* CurrentValueSubjectIntro.swift */,
			);
			path = CurrentValueSubject;
			sourceTree = "<group>";
		};
		7DC253492AB6793E00D605B5 /* Empty */ = {
			isa = PBXGroup;
			children = (
				7DC2534A2AB6795500D605B5 /* EmptyIntro.swift */,
			);
			path = Empty;
			sourceTree = "<group>";
		};
		7DC2534E2AB688B600D605B5 /* Fail */ = {
			isa = PBXGroup;
			children = (
				7DC2534F2AB688CD00D605B5 /* FailIntro.swift */,
			);
			path = Fail;
			sourceTree = "<group>";
		};
		7DE9C4432AB697FA006E743B /* Future */ = {
			isa = PBXGroup;
			children = (
				7DE9C4442AB69804006E743B /* FutureIntro.swift */,
				7D87078B2AD1AF07008AB223 /* FutureImmediateExecution.swift */,
				7D87078D2AD1B1D4008AB223 /* FutureRunOnlyOnceView.swift */,
				7D87078F2AD1BF81008AB223 /* FutureRunMultipleTimesView.swift */,
			);
			path = Future;
			sourceTree = "<group>";
		};
/* End PBXGroup section */

/* Begin PBXNativeTarget section */
		7DC2531A2AB62A6300D605B5 /* CombineConcepts */ = {
			isa = PBXNativeTarget;
			buildConfigurationList = 7DC253292AB62A6400D605B5 /* Build configuration list for PBXNativeTarget "CombineConcepts" */;
			buildPhases = (
				7DC253172AB62A6300D605B5 /* Sources */,
				7DC253182AB62A6300D605B5 /* Frameworks */,
				7DC253192AB62A6300D605B5 /* Resources */,
			);
			buildRules = (
			);
			dependencies = (
			);
			name = CombineConcepts;
			productName = CombineConcepts;
			productReference = 7DC2531B2AB62A6300D605B5 /* CombineConcepts.app */;
			productType = "com.apple.product-type.application";
		};
/* End PBXNativeTarget section */

/* Begin PBXProject section */
		7DC253132AB62A6300D605B5 /* Project object */ = {
			isa = PBXProject;
			attributes = {
				BuildIndependentTargetsInParallel = 1;
				LastSwiftUpdateCheck = 1430;
				LastUpgradeCheck = 1500;
				TargetAttributes = {
					7DC2531A2AB62A6300D605B5 = {
						CreatedOnToolsVersion = 14.3.1;
					};
				};
			};
			buildConfigurationList = 7DC253162AB62A6300D605B5 /* Build configuration list for PBXProject "CombineConcepts" */;
			compatibilityVersion = "Xcode 14.0";
			developmentRegion = en;
			hasScannedForEncodings = 0;
			knownRegions = (
				en,
				Base,
			);
			mainGroup = 7DC253122AB62A6300D605B5;
			productRefGroup = 7DC2531C2AB62A6300D605B5 /* Products */;
			projectDirPath = "";
			projectRoot = "";
			targets = (
				7DC2531A2AB62A6300D605B5 /* CombineConcepts */,
			);
		};
/* End PBXProject section */

/* Begin PBXResourcesBuildPhase section */
		7DC253192AB62A6300D605B5 /* Resources */ = {
			isa = PBXResourcesBuildPhase;
			buildActionMask = 2147483647;
			files = (
				7DC253262AB62A6400D605B5 /* Preview Assets.xcassets in Resources */,
				7DC253232AB62A6400D605B5 /* Assets.xcassets in Resources */,
			);
			runOnlyForDeploymentPostprocessing = 0;
		};
/* End PBXResourcesBuildPhase section */

/* Begin PBXSourcesBuildPhase section */
		7DC253172AB62A6300D605B5 /* Sources */ = {
			isa = PBXSourcesBuildPhase;
			buildActionMask = 2147483647;
			files = (
				7DE9C4452AB69804006E743B /* FutureIntro.swift in Sources */,
				7D8707902AD1BF81008AB223 /* FutureRunMultipleTimesView.swift in Sources */,
				7DC2533F2AB6601E00D605B5 /* PublishedValidationWithViewModel.swift in Sources */,
				7DC253482AB6722F00D605B5 /* CurrentValueSubjectIntro.swift in Sources */,
				7D87078C2AD1AF07008AB223 /* FutureImmediateExecution.swift in Sources */,
				7DC253502AB688CD00D605B5 /* FailIntro.swift in Sources */,
				7DC253212AB62A6300D605B5 /* ContentView.swift in Sources */,
				7D87079B2AD1DA1E008AB223 /* SequenceWithString.swift in Sources */,
				7D8707992AD1D5C5008AB223 /* SequenceIntro.swift in Sources */,
				7D87078E2AD1B1D4008AB223 /* FutureRunOnlyOnceView.swift in Sources */,
				7DC253392AB6494600D605B5 /* PublishedViewModel.swift in Sources */,
				7DC253412AB662BC00D605B5 /* PipelineUsingSink.swift in Sources */,
				7DC2532D2AB62A7500D605B5 /* HeaderView.swift in Sources */,
				7DC253372AB6479D00D605B5 /* PublishedIntro.swift in Sources */,
				7DC2533B2AB6495F00D605B5 /* PublishedReadWrite.swift in Sources */,
				7D8707932AD1C841008AB223 /* JustIntroductionView.swift in Sources */,
				7DC253452AB66BAD00D605B5 /* CancelAllPipelines.swift in Sources */,
				7DC2531F2AB62A6300D605B5 /* CombineConceptsApp.swift in Sources */,
				7DC2532F2AB62C5C00D605B5 /* DescView.swift in Sources */,
				7DC2533D2AB64B1A00D605B5 /* PublishedValidation.swift in Sources */,
				7DC2534B2AB6795500D605B5 /* EmptyIntro.swift in Sources */,
				7DC2534D2AB6882500D605B5 /* Error.swift in Sources */,
				7D8707962AD1D022008AB223 /* PassthroughSubjectIntro.swift in Sources */,
				7DC253432AB6653400D605B5 /* LongRunningProcess.swift in Sources */,
			);
			runOnlyForDeploymentPostprocessing = 0;
		};
/* End PBXSourcesBuildPhase section */

/* Begin XCBuildConfiguration section */
		7DC253272AB62A6400D605B5 /* Debug */ = {
			isa = XCBuildConfiguration;
			buildSettings = {
				ALWAYS_SEARCH_USER_PATHS = NO;
				CLANG_ANALYZER_NONNULL = YES;
				CLANG_ANALYZER_NUMBER_OBJECT_CONVERSION = YES_AGGRESSIVE;
				CLANG_CXX_LANGUAGE_STANDARD = "gnu++20";
				CLANG_ENABLE_MODULES = YES;
				CLANG_ENABLE_OBJC_ARC = YES;
				CLANG_ENABLE_OBJC_WEAK = YES;
				CLANG_WARN_BLOCK_CAPTURE_AUTORELEASING = YES;
				CLANG_WARN_BOOL_CONVERSION = YES;
				CLANG_WARN_COMMA = YES;
				CLANG_WARN_CONSTANT_CONVERSION = YES;
				CLANG_WARN_DEPRECATED_OBJC_IMPLEMENTATIONS = YES;
				CLANG_WARN_DIRECT_OBJC_ISA_USAGE = YES_ERROR;
				CLANG_WARN_DOCUMENTATION_COMMENTS = YES;
				CLANG_WARN_EMPTY_BODY = YES;
				CLANG_WARN_ENUM_CONVERSION = YES;
				CLANG_WARN_INFINITE_RECURSION = YES;
				CLANG_WARN_INT_CONVERSION = YES;
				CLANG_WARN_NON_LITERAL_NULL_CONVERSION = YES;
				CLANG_WARN_OBJC_IMPLICIT_RETAIN_SELF = YES;
				CLANG_WARN_OBJC_LITERAL_CONVERSION = YES;
				CLANG_WARN_OBJC_ROOT_CLASS = YES_ERROR;
				CLANG_WARN_QUOTED_INCLUDE_IN_FRAMEWORK_HEADER = YES;
				CLANG_WARN_RANGE_LOOP_ANALYSIS = YES;
				CLANG_WARN_STRICT_PROTOTYPES = YES;
				CLANG_WARN_SUSPICIOUS_MOVE = YES;
				CLANG_WARN_UNGUARDED_AVAILABILITY = YES_AGGRESSIVE;
				CLANG_WARN_UNREACHABLE_CODE = YES;
				CLANG_WARN__DUPLICATE_METHOD_MATCH = YES;
				COPY_PHASE_STRIP = NO;
				DEBUG_INFORMATION_FORMAT = dwarf;
				ENABLE_STRICT_OBJC_MSGSEND = YES;
				ENABLE_TESTABILITY = YES;
				ENABLE_USER_SCRIPT_SANDBOXING = YES;
				GCC_C_LANGUAGE_STANDARD = gnu11;
				GCC_DYNAMIC_NO_PIC = NO;
				GCC_NO_COMMON_BLOCKS = YES;
				GCC_OPTIMIZATION_LEVEL = 0;
				GCC_PREPROCESSOR_DEFINITIONS = (
					"DEBUG=1",
					"$(inherited)",
				);
				GCC_WARN_64_TO_32_BIT_CONVERSION = YES;
				GCC_WARN_ABOUT_RETURN_TYPE = YES_ERROR;
				GCC_WARN_UNDECLARED_SELECTOR = YES;
				GCC_WARN_UNINITIALIZED_AUTOS = YES_AGGRESSIVE;
				GCC_WARN_UNUSED_FUNCTION = YES;
				GCC_WARN_UNUSED_VARIABLE = YES;
				IPHONEOS_DEPLOYMENT_TARGET = 16.4;
				MTL_ENABLE_DEBUG_INFO = INCLUDE_SOURCE;
				MTL_FAST_MATH = YES;
				ONLY_ACTIVE_ARCH = YES;
				SDKROOT = iphoneos;
				SWIFT_ACTIVE_COMPILATION_CONDITIONS = DEBUG;
				SWIFT_OPTIMIZATION_LEVEL = "-Onone";
			};
			name = Debug;
		};
		7DC253282AB62A6400D605B5 /* Release */ = {
			isa = XCBuildConfiguration;
			buildSettings = {
				ALWAYS_SEARCH_USER_PATHS = NO;
				CLANG_ANALYZER_NONNULL = YES;
				CLANG_ANALYZER_NUMBER_OBJECT_CONVERSION = YES_AGGRESSIVE;
				CLANG_CXX_LANGUAGE_STANDARD = "gnu++20";
				CLANG_ENABLE_MODULES = YES;
				CLANG_ENABLE_OBJC_ARC = YES;
				CLANG_ENABLE_OBJC_WEAK = YES;
				CLANG_WARN_BLOCK_CAPTURE_AUTORELEASING = YES;
				CLANG_WARN_BOOL_CONVERSION = YES;
				CLANG_WARN_COMMA = YES;
				CLANG_WARN_CONSTANT_CONVERSION = YES;
				CLANG_WARN_DEPRECATED_OBJC_IMPLEMENTATIONS = YES;
				CLANG_WARN_DIRECT_OBJC_ISA_USAGE = YES_ERROR;
				CLANG_WARN_DOCUMENTATION_COMMENTS = YES;
				CLANG_WARN_EMPTY_BODY = YES;
				CLANG_WARN_ENUM_CONVERSION = YES;
				CLANG_WARN_INFINITE_RECURSION = YES;
				CLANG_WARN_INT_CONVERSION = YES;
				CLANG_WARN_NON_LITERAL_NULL_CONVERSION = YES;
				CLANG_WARN_OBJC_IMPLICIT_RETAIN_SELF = YES;
				CLANG_WARN_OBJC_LITERAL_CONVERSION = YES;
				CLANG_WARN_OBJC_ROOT_CLASS = YES_ERROR;
				CLANG_WARN_QUOTED_INCLUDE_IN_FRAMEWORK_HEADER = YES;
				CLANG_WARN_RANGE_LOOP_ANALYSIS = YES;
				CLANG_WARN_STRICT_PROTOTYPES = YES;
				CLANG_WARN_SUSPICIOUS_MOVE = YES;
				CLANG_WARN_UNGUARDED_AVAILABILITY = YES_AGGRESSIVE;
				CLANG_WARN_UNREACHABLE_CODE = YES;
				CLANG_WARN__DUPLICATE_METHOD_MATCH = YES;
				COPY_PHASE_STRIP = NO;
				DEBUG_INFORMATION_FORMAT = "dwarf-with-dsym";
				ENABLE_NS_ASSERTIONS = NO;
				ENABLE_STRICT_OBJC_MSGSEND = YES;
				ENABLE_USER_SCRIPT_SANDBOXING = YES;
				GCC_C_LANGUAGE_STANDARD = gnu11;
				GCC_NO_COMMON_BLOCKS = YES;
				GCC_WARN_64_TO_32_BIT_CONVERSION = YES;
				GCC_WARN_ABOUT_RETURN_TYPE = YES_ERROR;
				GCC_WARN_UNDECLARED_SELECTOR = YES;
				GCC_WARN_UNINITIALIZED_AUTOS = YES_AGGRESSIVE;
				GCC_WARN_UNUSED_FUNCTION = YES;
				GCC_WARN_UNUSED_VARIABLE = YES;
				IPHONEOS_DEPLOYMENT_TARGET = 16.4;
				MTL_ENABLE_DEBUG_INFO = NO;
				MTL_FAST_MATH = YES;
				SDKROOT = iphoneos;
				SWIFT_COMPILATION_MODE = wholemodule;
				SWIFT_OPTIMIZATION_LEVEL = "-O";
				VALIDATE_PRODUCT = YES;
			};
			name = Release;
		};
		7DC2532A2AB62A6400D605B5 /* Debug */ = {
			isa = XCBuildConfiguration;
			buildSettings = {
				ASSETCATALOG_COMPILER_APPICON_NAME = AppIcon;
				ASSETCATALOG_COMPILER_GLOBAL_ACCENT_COLOR_NAME = AccentColor;
				CODE_SIGN_STYLE = Automatic;
				CURRENT_PROJECT_VERSION = 1;
				DEVELOPMENT_ASSET_PATHS = "\"CombineConcepts/Preview Content\"";
				ENABLE_PREVIEWS = YES;
				GENERATE_INFOPLIST_FILE = YES;
				INFOPLIST_KEY_UIApplicationSceneManifest_Generation = YES;
				INFOPLIST_KEY_UIApplicationSupportsIndirectInputEvents = YES;
				INFOPLIST_KEY_UILaunchScreen_Generation = YES;
				INFOPLIST_KEY_UISupportedInterfaceOrientations_iPad = "UIInterfaceOrientationPortrait UIInterfaceOrientationPortraitUpsideDown UIInterfaceOrientationLandscapeLeft UIInterfaceOrientationLandscapeRight";
				INFOPLIST_KEY_UISupportedInterfaceOrientations_iPhone = "UIInterfaceOrientationPortrait UIInterfaceOrientationLandscapeLeft UIInterfaceOrientationLandscapeRight";
				IPHONEOS_DEPLOYMENT_TARGET = 17.0;
				LD_RUNPATH_SEARCH_PATHS = (
					"$(inherited)",
					"@executable_path/Frameworks",
				);
				MARKETING_VERSION = 1.0;
				PRODUCT_BUNDLE_IDENTIFIER = com.yasinerdemli.CombineConcepts;
				PRODUCT_NAME = "$(TARGET_NAME)";
				SWIFT_EMIT_LOC_STRINGS = YES;
				SWIFT_VERSION = 5.0;
				TARGETED_DEVICE_FAMILY = "1,2";
			};
			name = Debug;
		};
		7DC2532B2AB62A6400D605B5 /* Release */ = {
			isa = XCBuildConfiguration;
			buildSettings = {
				ASSETCATALOG_COMPILER_APPICON_NAME = AppIcon;
				ASSETCATALOG_COMPILER_GLOBAL_ACCENT_COLOR_NAME = AccentColor;
				CODE_SIGN_STYLE = Automatic;
				CURRENT_PROJECT_VERSION = 1;
				DEVELOPMENT_ASSET_PATHS = "\"CombineConcepts/Preview Content\"";
				ENABLE_PREVIEWS = YES;
				GENERATE_INFOPLIST_FILE = YES;
				INFOPLIST_KEY_UIApplicationSceneManifest_Generation = YES;
				INFOPLIST_KEY_UIApplicationSupportsIndirectInputEvents = YES;
				INFOPLIST_KEY_UILaunchScreen_Generation = YES;
				INFOPLIST_KEY_UISupportedInterfaceOrientations_iPad = "UIInterfaceOrientationPortrait UIInterfaceOrientationPortraitUpsideDown UIInterfaceOrientationLandscapeLeft UIInterfaceOrientationLandscapeRight";
				INFOPLIST_KEY_UISupportedInterfaceOrientations_iPhone = "UIInterfaceOrientationPortrait UIInterfaceOrientationLandscapeLeft UIInterfaceOrientationLandscapeRight";
				IPHONEOS_DEPLOYMENT_TARGET = 17.0;
				LD_RUNPATH_SEARCH_PATHS = (
					"$(inherited)",
					"@executable_path/Frameworks",
				);
				MARKETING_VERSION = 1.0;
				PRODUCT_BUNDLE_IDENTIFIER = com.yasinerdemli.CombineConcepts;
				PRODUCT_NAME = "$(TARGET_NAME)";
				SWIFT_EMIT_LOC_STRINGS = YES;
				SWIFT_VERSION = 5.0;
				TARGETED_DEVICE_FAMILY = "1,2";
			};
			name = Release;
		};
/* End XCBuildConfiguration section */

/* Begin XCConfigurationList section */
		7DC253162AB62A6300D605B5 /* Build configuration list for PBXProject "CombineConcepts" */ = {
			isa = XCConfigurationList;
			buildConfigurations = (
				7DC253272AB62A6400D605B5 /* Debug */,
				7DC253282AB62A6400D605B5 /* Release */,
			);
			defaultConfigurationIsVisible = 0;
			defaultConfigurationName = Release;
		};
		7DC253292AB62A6400D605B5 /* Build configuration list for PBXNativeTarget "CombineConcepts" */ = {
			isa = XCConfigurationList;
			buildConfigurations = (
				7DC2532A2AB62A6400D605B5 /* Debug */,
				7DC2532B2AB62A6400D605B5 /* Release */,
			);
			defaultConfigurationIsVisible = 0;
			defaultConfigurationName = Release;
		};
/* End XCConfigurationList section */
	};
	rootObject = 7DC253132AB62A6300D605B5 /* Project object */;
}
